// !$*UTF8*$!
{
	archiveVersion = 1;
	classes = {
	};
	objectVersion = 55;
	objects = {

/* Begin PBXBuildFile section */
		7010C8B2272E38C900A6EE1F /* SunflowerCommands.swift in Sources */ = {isa = PBXBuildFile; fileRef = 7010C8B1272E38C900A6EE1F /* SunflowerCommands.swift */; };
		701415F827A6453500B5681A /* UploadUtils.swift in Sources */ = {isa = PBXBuildFile; fileRef = 701415F727A6453500B5681A /* UploadUtils.swift */; };
		701CDD1D27A13224009CF593 /* SwiftyJSON in Frameworks */ = {isa = PBXBuildFile; productRef = 701CDD1C27A13224009CF593 /* SwiftyJSON */; };
		704D91D127AABC0A00C8C0DB /* UploadInProgressView.swift in Sources */ = {isa = PBXBuildFile; fileRef = 704D91D027AABC0A00C8C0DB /* UploadInProgressView.swift */; };
		705261B2274A1C5F00030730 /* FileViewerView.swift in Sources */ = {isa = PBXBuildFile; fileRef = 705261B1274A1C5F00030730 /* FileViewerView.swift */; };
		70663CC1272C09A8008759BE /* GlobalDescView.swift in Sources */ = {isa = PBXBuildFile; fileRef = 70663CC0272C09A8008759BE /* GlobalDescView.swift */; };
		7072509A2728190E00D79682 /* SunflowerApp.swift in Sources */ = {isa = PBXBuildFile; fileRef = 707250992728190E00D79682 /* SunflowerApp.swift */; };
		7072509C2728190E00D79682 /* ContentView.swift in Sources */ = {isa = PBXBuildFile; fileRef = 7072509B2728190E00D79682 /* ContentView.swift */; };
		7072509E2728191000D79682 /* Assets.xcassets in Resources */ = {isa = PBXBuildFile; fileRef = 7072509D2728191000D79682 /* Assets.xcassets */; };
		707250A12728191000D79682 /* Preview Assets.xcassets in Resources */ = {isa = PBXBuildFile; fileRef = 707250A02728191000D79682 /* Preview Assets.xcassets */; };
		707250A927281E5D00D79682 /* MediaRowView.swift in Sources */ = {isa = PBXBuildFile; fileRef = 707250A827281E5D00D79682 /* MediaRowView.swift */; };
		707250AF2728289C00D79682 /* MediaListView.swift in Sources */ = {isa = PBXBuildFile; fileRef = 707250AE2728289C00D79682 /* MediaListView.swift */; };
		7079762D27A8125400BC59E5 /* Desc.swift in Sources */ = {isa = PBXBuildFile; fileRef = 7079762C27A8125400BC59E5 /* Desc.swift */; };
		707F871D27AEAB2F0067BEDD /* UploadState.swift in Sources */ = {isa = PBXBuildFile; fileRef = 707F871C27AEAB2F0067BEDD /* UploadState.swift */; };
		70A0352E272D1E5900C93D6F /* ModelData.swift in Sources */ = {isa = PBXBuildFile; fileRef = 70A0352D272D1E5900C93D6F /* ModelData.swift */; };
		70AE3D8D274E46240079465E /* Wiki.swift in Sources */ = {isa = PBXBuildFile; fileRef = 70AE3D8C274E46240079465E /* Wiki.swift */; };
		70AE3D90274E46B80079465E /* Alamofire in Frameworks */ = {isa = PBXBuildFile; productRef = 70AE3D8F274E46B80079465E /* Alamofire */; };
		70CBBFE227A7DE9000ABFB11 /* UploadCandinate.swift in Sources */ = {isa = PBXBuildFile; fileRef = 70CBBFE127A7DE9000ABFB11 /* UploadCandinate.swift */; };
		70D14BC927A16F0500F4B26D /* LoginView.swift in Sources */ = {isa = PBXBuildFile; fileRef = 70D14BC827A16F0500F4B26D /* LoginView.swift */; };
		70D53A99272EC046009F165A /* UploadFormView.swift in Sources */ = {isa = PBXBuildFile; fileRef = 70D53A98272EC046009F165A /* UploadFormView.swift */; };
		70D53A9B272EC2B6009F165A /* FileDescView.swift in Sources */ = {isa = PBXBuildFile; fileRef = 70D53A9A272EC2B6009F165A /* FileDescView.swift */; };
/* End PBXBuildFile section */

/* Begin PBXFileReference section */
		7010C8B1272E38C900A6EE1F /* SunflowerCommands.swift */ = {isa = PBXFileReference; lastKnownFileType = sourcecode.swift; path = SunflowerCommands.swift; sourceTree = "<group>"; };
		701415F727A6453500B5681A /* UploadUtils.swift */ = {isa = PBXFileReference; lastKnownFileType = sourcecode.swift; path = UploadUtils.swift; sourceTree = "<group>"; };
		704D91D027AABC0A00C8C0DB /* UploadInProgressView.swift */ = {isa = PBXFileReference; lastKnownFileType = sourcecode.swift; path = UploadInProgressView.swift; sourceTree = "<group>"; };
		705261B1274A1C5F00030730 /* FileViewerView.swift */ = {isa = PBXFileReference; lastKnownFileType = sourcecode.swift; path = FileViewerView.swift; sourceTree = "<group>"; };
		70663CC0272C09A8008759BE /* GlobalDescView.swift */ = {isa = PBXFileReference; lastKnownFileType = sourcecode.swift; path = GlobalDescView.swift; sourceTree = "<group>"; };
		707250962728190E00D79682 /* Sunflower.app */ = {isa = PBXFileReference; explicitFileType = wrapper.application; includeInIndex = 0; path = Sunflower.app; sourceTree = BUILT_PRODUCTS_DIR; };
		707250992728190E00D79682 /* SunflowerApp.swift */ = {isa = PBXFileReference; lastKnownFileType = sourcecode.swift; path = SunflowerApp.swift; sourceTree = "<group>"; };
		7072509B2728190E00D79682 /* ContentView.swift */ = {isa = PBXFileReference; lastKnownFileType = sourcecode.swift; path = ContentView.swift; sourceTree = "<group>"; };
		7072509D2728191000D79682 /* Assets.xcassets */ = {isa = PBXFileReference; lastKnownFileType = folder.assetcatalog; path = Assets.xcassets; sourceTree = "<group>"; };
		707250A02728191000D79682 /* Preview Assets.xcassets */ = {isa = PBXFileReference; lastKnownFileType = folder.assetcatalog; path = "Preview Assets.xcassets"; sourceTree = "<group>"; };
		707250A22728191000D79682 /* Sunflower.entitlements */ = {isa = PBXFileReference; lastKnownFileType = text.plist.entitlements; path = Sunflower.entitlements; sourceTree = "<group>"; };
		707250A827281E5D00D79682 /* MediaRowView.swift */ = {isa = PBXFileReference; lastKnownFileType = sourcecode.swift; path = MediaRowView.swift; sourceTree = "<group>"; };
		707250AE2728289C00D79682 /* MediaListView.swift */ = {isa = PBXFileReference; lastKnownFileType = sourcecode.swift; path = MediaListView.swift; sourceTree = "<group>"; };
		7079762C27A8125400BC59E5 /* Desc.swift */ = {isa = PBXFileReference; lastKnownFileType = sourcecode.swift; path = Desc.swift; sourceTree = "<group>"; };
		707F871C27AEAB2F0067BEDD /* UploadState.swift */ = {isa = PBXFileReference; lastKnownFileType = sourcecode.swift; path = UploadState.swift; sourceTree = "<group>"; };
		70A0352D272D1E5900C93D6F /* ModelData.swift */ = {isa = PBXFileReference; lastKnownFileType = sourcecode.swift; path = ModelData.swift; sourceTree = "<group>"; };
		70AE3D8C274E46240079465E /* Wiki.swift */ = {isa = PBXFileReference; lastKnownFileType = sourcecode.swift; path = Wiki.swift; sourceTree = "<group>"; };
		70CBBFE127A7DE9000ABFB11 /* UploadCandinate.swift */ = {isa = PBXFileReference; lastKnownFileType = sourcecode.swift; path = UploadCandinate.swift; sourceTree = "<group>"; };
		70D14BC827A16F0500F4B26D /* LoginView.swift */ = {isa = PBXFileReference; lastKnownFileType = sourcecode.swift; path = LoginView.swift; sourceTree = "<group>"; };
		70D53A98272EC046009F165A /* UploadFormView.swift */ = {isa = PBXFileReference; lastKnownFileType = sourcecode.swift; path = UploadFormView.swift; sourceTree = "<group>"; };
		70D53A9A272EC2B6009F165A /* FileDescView.swift */ = {isa = PBXFileReference; lastKnownFileType = sourcecode.swift; path = FileDescView.swift; sourceTree = "<group>"; };
/* End PBXFileReference section */

/* Begin PBXFrameworksBuildPhase section */
		707250932728190E00D79682 /* Frameworks */ = {
			isa = PBXFrameworksBuildPhase;
			buildActionMask = 2147483647;
			files = (
				701CDD1D27A13224009CF593 /* SwiftyJSON in Frameworks */,
				70AE3D90274E46B80079465E /* Alamofire in Frameworks */,
			);
			runOnlyForDeploymentPostprocessing = 0;
		};
/* End PBXFrameworksBuildPhase section */

/* Begin PBXGroup section */
		70663CC4272C0B81008759BE /* Models */ = {
			isa = PBXGroup;
			children = (
				7079762C27A8125400BC59E5 /* Desc.swift */,
				70A0352D272D1E5900C93D6F /* ModelData.swift */,
				70CBBFE127A7DE9000ABFB11 /* UploadCandinate.swift */,
				707F871C27AEAB2F0067BEDD /* UploadState.swift */,
			);
			path = Models;
			sourceTree = "<group>";
		};
		7066876A27282AE5002E900D /* Views */ = {
			isa = PBXGroup;
			children = (
				7072509B2728190E00D79682 /* ContentView.swift */,
				70D53A9A272EC2B6009F165A /* FileDescView.swift */,
				705261B1274A1C5F00030730 /* FileViewerView.swift */,
				70663CC0272C09A8008759BE /* GlobalDescView.swift */,
				70D14BC827A16F0500F4B26D /* LoginView.swift */,
				707250AE2728289C00D79682 /* MediaListView.swift */,
				707250A827281E5D00D79682 /* MediaRowView.swift */,
				70D53A98272EC046009F165A /* UploadFormView.swift */,
				704D91D027AABC0A00C8C0DB /* UploadInProgressView.swift */,
			);
			path = Views;
			sourceTree = "<group>";
		};
		7072508D2728190E00D79682 = {
			isa = PBXGroup;
			children = (
				707250982728190E00D79682 /* Sunflower */,
				707250972728190E00D79682 /* Products */,
			);
			sourceTree = "<group>";
		};
		707250972728190E00D79682 /* Products */ = {
			isa = PBXGroup;
			children = (
				707250962728190E00D79682 /* Sunflower.app */,
			);
			name = Products;
			sourceTree = "<group>";
		};
		707250982728190E00D79682 /* Sunflower */ = {
			isa = PBXGroup;
			children = (
				707250A22728191000D79682 /* Sunflower.entitlements */,
				707250992728190E00D79682 /* SunflowerApp.swift */,
				7010C8B1272E38C900A6EE1F /* SunflowerCommands.swift */,
				701415F727A6453500B5681A /* UploadUtils.swift */,
				70AE3D8C274E46240079465E /* Wiki.swift */,
				7072509D2728191000D79682 /* Assets.xcassets */,
				70663CC4272C0B81008759BE /* Models */,
				7072509F2728191000D79682 /* Preview Content */,
				7066876A27282AE5002E900D /* Views */,
			);
			path = Sunflower;
			sourceTree = "<group>";
		};
		7072509F2728191000D79682 /* Preview Content */ = {
			isa = PBXGroup;
			children = (
				707250A02728191000D79682 /* Preview Assets.xcassets */,
			);
			path = "Preview Content";
			sourceTree = "<group>";
		};
/* End PBXGroup section */

/* Begin PBXNativeTarget section */
		707250952728190E00D79682 /* Sunflower */ = {
			isa = PBXNativeTarget;
			buildConfigurationList = 707250A52728191000D79682 /* Build configuration list for PBXNativeTarget "Sunflower" */;
			buildPhases = (
				707250922728190E00D79682 /* Sources */,
				707250932728190E00D79682 /* Frameworks */,
				707250942728190E00D79682 /* Resources */,
			);
			buildRules = (
			);
			dependencies = (
			);
			name = Sunflower;
			packageProductDependencies = (
				70AE3D8F274E46B80079465E /* Alamofire */,
				701CDD1C27A13224009CF593 /* SwiftyJSON */,
			);
			productName = Sunflower;
			productReference = 707250962728190E00D79682 /* Sunflower.app */;
			productType = "com.apple.product-type.application";
		};
/* End PBXNativeTarget section */

/* Begin PBXProject section */
		7072508E2728190E00D79682 /* Project object */ = {
			isa = PBXProject;
			attributes = {
				BuildIndependentTargetsInParallel = 1;
				LastSwiftUpdateCheck = 1310;
				LastUpgradeCheck = 1320;
				TargetAttributes = {
					707250952728190E00D79682 = {
						CreatedOnToolsVersion = 13.1;
					};
				};
			};
			buildConfigurationList = 707250912728190E00D79682 /* Build configuration list for PBXProject "Sunflower" */;
			compatibilityVersion = "Xcode 13.0";
			developmentRegion = en;
			hasScannedForEncodings = 0;
			knownRegions = (
				en,
				Base,
			);
			mainGroup = 7072508D2728190E00D79682;
			packageReferences = (
				70AE3D8E274E46B80079465E /* XCRemoteSwiftPackageReference "Alamofire" */,
				701CDD1B27A13224009CF593 /* XCRemoteSwiftPackageReference "SwiftyJSON" */,
			);
			productRefGroup = 707250972728190E00D79682 /* Products */;
			projectDirPath = "";
			projectRoot = "";
			targets = (
				707250952728190E00D79682 /* Sunflower */,
			);
		};
/* End PBXProject section */

/* Begin PBXResourcesBuildPhase section */
		707250942728190E00D79682 /* Resources */ = {
			isa = PBXResourcesBuildPhase;
			buildActionMask = 2147483647;
			files = (
				707250A12728191000D79682 /* Preview Assets.xcassets in Resources */,
				7072509E2728191000D79682 /* Assets.xcassets in Resources */,
			);
			runOnlyForDeploymentPostprocessing = 0;
		};
/* End PBXResourcesBuildPhase section */

/* Begin PBXSourcesBuildPhase section */
		707250922728190E00D79682 /* Sources */ = {
			isa = PBXSourcesBuildPhase;
			buildActionMask = 2147483647;
			files = (
				7072509C2728190E00D79682 /* ContentView.swift in Sources */,
				704D91D127AABC0A00C8C0DB /* UploadInProgressView.swift in Sources */,
				70CBBFE227A7DE9000ABFB11 /* UploadCandinate.swift in Sources */,
				7010C8B2272E38C900A6EE1F /* SunflowerCommands.swift in Sources */,
				70D14BC927A16F0500F4B26D /* LoginView.swift in Sources */,
				707F871D27AEAB2F0067BEDD /* UploadState.swift in Sources */,
				7079762D27A8125400BC59E5 /* Desc.swift in Sources */,
				701415F827A6453500B5681A /* UploadUtils.swift in Sources */,
				7072509A2728190E00D79682 /* SunflowerApp.swift in Sources */,
				707250AF2728289C00D79682 /* MediaListView.swift in Sources */,
				70AE3D8D274E46240079465E /* Wiki.swift in Sources */,
				70D53A9B272EC2B6009F165A /* FileDescView.swift in Sources */,
				70D53A99272EC046009F165A /* UploadFormView.swift in Sources */,
				70A0352E272D1E5900C93D6F /* ModelData.swift in Sources */,
				707250A927281E5D00D79682 /* MediaRowView.swift in Sources */,
				705261B2274A1C5F00030730 /* FileViewerView.swift in Sources */,
				70663CC1272C09A8008759BE /* GlobalDescView.swift in Sources */,
			);
			runOnlyForDeploymentPostprocessing = 0;
		};
/* End PBXSourcesBuildPhase section */

/* Begin XCBuildConfiguration section */
		707250A32728191000D79682 /* Debug */ = {
			isa = XCBuildConfiguration;
			buildSettings = {
				ALWAYS_SEARCH_USER_PATHS = NO;
				CLANG_ANALYZER_NONNULL = YES;
				CLANG_ANALYZER_NUMBER_OBJECT_CONVERSION = YES_AGGRESSIVE;
				CLANG_CXX_LANGUAGE_STANDARD = "gnu++17";
				CLANG_CXX_LIBRARY = "libc++";
				CLANG_ENABLE_MODULES = YES;
				CLANG_ENABLE_OBJC_ARC = YES;
				CLANG_ENABLE_OBJC_WEAK = YES;
				CLANG_WARN_BLOCK_CAPTURE_AUTORELEASING = YES;
				CLANG_WARN_BOOL_CONVERSION = YES;
				CLANG_WARN_COMMA = YES;
				CLANG_WARN_CONSTANT_CONVERSION = YES;
				CLANG_WARN_DEPRECATED_OBJC_IMPLEMENTATIONS = YES;
				CLANG_WARN_DIRECT_OBJC_ISA_USAGE = YES_ERROR;
				CLANG_WARN_DOCUMENTATION_COMMENTS = YES;
				CLANG_WARN_EMPTY_BODY = YES;
				CLANG_WARN_ENUM_CONVERSION = YES;
				CLANG_WARN_INFINITE_RECURSION = YES;
				CLANG_WARN_INT_CONVERSION = YES;
				CLANG_WARN_NON_LITERAL_NULL_CONVERSION = YES;
				CLANG_WARN_OBJC_IMPLICIT_RETAIN_SELF = YES;
				CLANG_WARN_OBJC_LITERAL_CONVERSION = YES;
				CLANG_WARN_OBJC_ROOT_CLASS = YES_ERROR;
				CLANG_WARN_QUOTED_INCLUDE_IN_FRAMEWORK_HEADER = YES;
				CLANG_WARN_RANGE_LOOP_ANALYSIS = YES;
				CLANG_WARN_STRICT_PROTOTYPES = YES;
				CLANG_WARN_SUSPICIOUS_MOVE = YES;
				CLANG_WARN_UNGUARDED_AVAILABILITY = YES_AGGRESSIVE;
				CLANG_WARN_UNREACHABLE_CODE = YES;
				CLANG_WARN__DUPLICATE_METHOD_MATCH = YES;
				COPY_PHASE_STRIP = NO;
				DEBUG_INFORMATION_FORMAT = dwarf;
				ENABLE_STRICT_OBJC_MSGSEND = YES;
				ENABLE_TESTABILITY = YES;
				GCC_C_LANGUAGE_STANDARD = gnu11;
				GCC_DYNAMIC_NO_PIC = NO;
				GCC_NO_COMMON_BLOCKS = YES;
				GCC_OPTIMIZATION_LEVEL = 0;
				GCC_PREPROCESSOR_DEFINITIONS = (
					"DEBUG=1",
					"$(inherited)",
				);
				GCC_WARN_64_TO_32_BIT_CONVERSION = YES;
				GCC_WARN_ABOUT_RETURN_TYPE = YES_ERROR;
				GCC_WARN_UNDECLARED_SELECTOR = YES;
				GCC_WARN_UNINITIALIZED_AUTOS = YES_AGGRESSIVE;
				GCC_WARN_UNUSED_FUNCTION = YES;
				GCC_WARN_UNUSED_VARIABLE = YES;
				MACOSX_DEPLOYMENT_TARGET = 12.2;
				MTL_ENABLE_DEBUG_INFO = INCLUDE_SOURCE;
				MTL_FAST_MATH = YES;
				ONLY_ACTIVE_ARCH = YES;
				SDKROOT = macosx;
				SWIFT_ACTIVE_COMPILATION_CONDITIONS = DEBUG;
				SWIFT_OPTIMIZATION_LEVEL = "-Onone";
			};
			name = Debug;
		};
		707250A42728191000D79682 /* Release */ = {
			isa = XCBuildConfiguration;
			buildSettings = {
				ALWAYS_SEARCH_USER_PATHS = NO;
				CLANG_ANALYZER_NONNULL = YES;
				CLANG_ANALYZER_NUMBER_OBJECT_CONVERSION = YES_AGGRESSIVE;
				CLANG_CXX_LANGUAGE_STANDARD = "gnu++17";
				CLANG_CXX_LIBRARY = "libc++";
				CLANG_ENABLE_MODULES = YES;
				CLANG_ENABLE_OBJC_ARC = YES;
				CLANG_ENABLE_OBJC_WEAK = YES;
				CLANG_WARN_BLOCK_CAPTURE_AUTORELEASING = YES;
				CLANG_WARN_BOOL_CONVERSION = YES;
				CLANG_WARN_COMMA = YES;
				CLANG_WARN_CONSTANT_CONVERSION = YES;
				CLANG_WARN_DEPRECATED_OBJC_IMPLEMENTATIONS = YES;
				CLANG_WARN_DIRECT_OBJC_ISA_USAGE = YES_ERROR;
				CLANG_WARN_DOCUMENTATION_COMMENTS = YES;
				CLANG_WARN_EMPTY_BODY = YES;
				CLANG_WARN_ENUM_CONVERSION = YES;
				CLANG_WARN_INFINITE_RECURSION = YES;
				CLANG_WARN_INT_CONVERSION = YES;
				CLANG_WARN_NON_LITERAL_NULL_CONVERSION = YES;
				CLANG_WARN_OBJC_IMPLICIT_RETAIN_SELF = YES;
				CLANG_WARN_OBJC_LITERAL_CONVERSION = YES;
				CLANG_WARN_OBJC_ROOT_CLASS = YES_ERROR;
				CLANG_WARN_QUOTED_INCLUDE_IN_FRAMEWORK_HEADER = YES;
				CLANG_WARN_RANGE_LOOP_ANALYSIS = YES;
				CLANG_WARN_STRICT_PROTOTYPES = YES;
				CLANG_WARN_SUSPICIOUS_MOVE = YES;
				CLANG_WARN_UNGUARDED_AVAILABILITY = YES_AGGRESSIVE;
				CLANG_WARN_UNREACHABLE_CODE = YES;
				CLANG_WARN__DUPLICATE_METHOD_MATCH = YES;
				COPY_PHASE_STRIP = NO;
				DEBUG_INFORMATION_FORMAT = "dwarf-with-dsym";
				ENABLE_NS_ASSERTIONS = NO;
				ENABLE_STRICT_OBJC_MSGSEND = YES;
				GCC_C_LANGUAGE_STANDARD = gnu11;
				GCC_NO_COMMON_BLOCKS = YES;
				GCC_WARN_64_TO_32_BIT_CONVERSION = YES;
				GCC_WARN_ABOUT_RETURN_TYPE = YES_ERROR;
				GCC_WARN_UNDECLARED_SELECTOR = YES;
				GCC_WARN_UNINITIALIZED_AUTOS = YES_AGGRESSIVE;
				GCC_WARN_UNUSED_FUNCTION = YES;
				GCC_WARN_UNUSED_VARIABLE = YES;
				MACOSX_DEPLOYMENT_TARGET = 12.2;
				MTL_ENABLE_DEBUG_INFO = NO;
				MTL_FAST_MATH = YES;
				SDKROOT = macosx;
				SWIFT_COMPILATION_MODE = wholemodule;
				SWIFT_OPTIMIZATION_LEVEL = "-O";
			};
			name = Release;
		};
		707250A62728191000D79682 /* Debug */ = {
			isa = XCBuildConfiguration;
			buildSettings = {
				ASSETCATALOG_COMPILER_APPICON_NAME = AppIcon;
				ASSETCATALOG_COMPILER_GLOBAL_ACCENT_COLOR_NAME = AccentColor;
				CODE_SIGN_ENTITLEMENTS = Sunflower/Sunflower.entitlements;
				CODE_SIGN_IDENTITY = "-";
				CODE_SIGN_STYLE = Automatic;
				COMBINE_HIDPI_IMAGES = YES;
				CURRENT_PROJECT_VERSION = 1;
				DEVELOPMENT_ASSET_PATHS = "\"Sunflower/Preview Content\"";
				ENABLE_PREVIEWS = YES;
				GENERATE_INFOPLIST_FILE = YES;
				INFOPLIST_KEY_LSApplicationCategoryType = "public.app-category.productivity";
				INFOPLIST_KEY_NSHumanReadableCopyright = "";
				LD_RUNPATH_SEARCH_PATHS = (
					"$(inherited)",
					"@executable_path/../Frameworks",
				);
				MACOSX_DEPLOYMENT_TARGET = 12.2;
				MARKETING_VERSION = 0.0.1;
				PRODUCT_BUNDLE_IDENTIFIER = org.fastily.Sunflower;
				PRODUCT_NAME = "$(TARGET_NAME)";
				SWIFT_EMIT_LOC_STRINGS = YES;
				SWIFT_VERSION = 5.0;
			};
			name = Debug;
		};
		707250A72728191000D79682 /* Release */ = {
			isa = XCBuildConfiguration;
			buildSettings = {
				ASSETCATALOG_COMPILER_APPICON_NAME = AppIcon;
				ASSETCATALOG_COMPILER_GLOBAL_ACCENT_COLOR_NAME = AccentColor;
				CODE_SIGN_ENTITLEMENTS = Sunflower/Sunflower.entitlements;
				CODE_SIGN_IDENTITY = "-";
				CODE_SIGN_STYLE = Automatic;
				COMBINE_HIDPI_IMAGES = YES;
				CURRENT_PROJECT_VERSION = 1;
				DEVELOPMENT_ASSET_PATHS = "\"Sunflower/Preview Content\"";
				ENABLE_PREVIEWS = YES;
				GENERATE_INFOPLIST_FILE = YES;
				INFOPLIST_KEY_LSApplicationCategoryType = "public.app-category.productivity";
				INFOPLIST_KEY_NSHumanReadableCopyright = "";
				LD_RUNPATH_SEARCH_PATHS = (
					"$(inherited)",
					"@executable_path/../Frameworks",
				);
				MACOSX_DEPLOYMENT_TARGET = 12.2;
				MARKETING_VERSION = 0.0.1;
				PRODUCT_BUNDLE_IDENTIFIER = org.fastily.Sunflower;
				PRODUCT_NAME = "$(TARGET_NAME)";
				SWIFT_EMIT_LOC_STRINGS = YES;
				SWIFT_VERSION = 5.0;
			};
			name = Release;
		};
/* End XCBuildConfiguration section */

/* Begin XCConfigurationList section */
		707250912728190E00D79682 /* Build configuration list for PBXProject "Sunflower" */ = {
			isa = XCConfigurationList;
			buildConfigurations = (
				707250A32728191000D79682 /* Debug */,
				707250A42728191000D79682 /* Release */,
			);
			defaultConfigurationIsVisible = 0;
			defaultConfigurationName = Release;
		};
		707250A52728191000D79682 /* Build configuration list for PBXNativeTarget "Sunflower" */ = {
			isa = XCConfigurationList;
			buildConfigurations = (
				707250A62728191000D79682 /* Debug */,
				707250A72728191000D79682 /* Release */,
			);
			defaultConfigurationIsVisible = 0;
			defaultConfigurationName = Release;
		};
/* End XCConfigurationList section */

/* Begin XCRemoteSwiftPackageReference section */
		701CDD1B27A13224009CF593 /* XCRemoteSwiftPackageReference "SwiftyJSON" */ = {
			isa = XCRemoteSwiftPackageReference;
			repositoryURL = "https://github.com/SwiftyJSON/SwiftyJSON";
			requirement = {
				kind = upToNextMajorVersion;
				minimumVersion = 5.0.0;
			};
		};
		70AE3D8E274E46B80079465E /* XCRemoteSwiftPackageReference "Alamofire" */ = {
			isa = XCRemoteSwiftPackageReference;
			repositoryURL = "https://github.com/Alamofire/Alamofire.git";
			requirement = {
				kind = upToNextMajorVersion;
				minimumVersion = 5.0.0;
			};
		};
/* End XCRemoteSwiftPackageReference section */

/* Begin XCSwiftPackageProductDependency section */
		701CDD1C27A13224009CF593 /* SwiftyJSON */ = {
			isa = XCSwiftPackageProductDependency;
			package = 701CDD1B27A13224009CF593 /* XCRemoteSwiftPackageReference "SwiftyJSON" */;
			productName = SwiftyJSON;
		};
		70AE3D8F274E46B80079465E /* Alamofire */ = {
			isa = XCSwiftPackageProductDependency;
			package = 70AE3D8E274E46B80079465E /* XCRemoteSwiftPackageReference "Alamofire" */;
			productName = Alamofire;
		};
/* End XCSwiftPackageProductDependency section */
	};
	rootObject = 7072508E2728190E00D79682 /* Project object */;
}
